
Microsoft Visual Studio Solution File, Format Version 12.00
# Visual Studio Version 17
VisualStudioVersion = 17.1.32328.378
MinimumVisualStudioVersion = 10.0.40219.1
Project("{FAE04EC0-301F-11D3-BF4B-00C04F79EFBC}") = "ChatClient", "ChatClient\ChatClient.csproj", "{7B506129-BB8B-4A39-8C38-D5943C71EF09}"
EndProject
Project("{FAE04EC0-301F-11D3-BF4B-00C04F79EFBC}") = "ChatServer", "ChatServer\ChatServer.csproj", "{B94956EE-357A-4398-8234-9F4CFB94C1F8}"
EndProject
Project("{FAE04EC0-301F-11D3-BF4B-00C04F79EFBC}") = "Common", "Common\Common.csproj", "{2CD29BF3-75A6-44DD-8801-650C05F76E80}"
EndProject
Project("{FAE04EC0-301F-11D3-BF4B-00C04F79EFBC}") = "TestClient", "TestClient\TestClient.csproj", "{AB828185-784B-492E-9389-5928C8CA061D}"
EndProject
Global
	GlobalSection(SolutionConfigurationPlatforms) = preSolution
		Debug|Any CPU = Debug|Any CPU
		Release|Any CPU = Release|Any CPU
	EndGlobalSection
	GlobalSection(ProjectConfigurationPlatforms) = postSolution
		{7B506129-BB8B-4A39-8C38-D5943C71EF09}.Debug|Any CPU.ActiveCfg = Debug|Any CPU
		{7B506129-BB8B-4A39-8C38-D5943C71EF09}.Debug|Any CPU.Build.0 = Debug|Any CPU
		{7B506129-BB8B-4A39-8C38-D5943C71EF09}.Release|Any CPU.ActiveCfg = Release|Any CPU
		{7B506129-BB8B-4A39-8C38-D5943C71EF09}.Release|Any CPU.Build.0 = Release|Any CPU
		{B94956EE-357A-4398-8234-9F4CFB94C1F8}.Debug|Any CPU.ActiveCfg = Debug|Any CPU
		{B94956EE-357A-4398-8234-9F4CFB94C1F8}.Debug|Any CPU.Build.0 = Debug|Any CPU
		{B94956EE-357A-4398-8234-9F4CFB94C1F8}.Release|Any CPU.ActiveCfg = Release|Any CPU
		{B94956EE-357A-4398-8234-9F4CFB94C1F8}.Release|Any CPU.Build.0 = Release|Any CPU
		{2CD29BF3-75A6-44DD-8801-650C05F76E80}.Debug|Any CPU.ActiveCfg = Debug|Any CPU
		{2CD29BF3-75A6-44DD-8801-650C05F76E80}.Debug|Any CPU.Build.0 = Debug|Any CPU
		{2CD29BF3-75A6-44DD-8801-650C05F76E80}.Release|Any CPU.ActiveCfg = Release|Any CPU
		{2CD29BF3-75A6-44DD-8801-650C05F76E80}.Release|Any CPU.Build.0 = Release|Any CPU
		{AB828185-784B-492E-9389-5928C8CA061D}.Debug|Any CPU.ActiveCfg = Debug|Any CPU
		{AB828185-784B-492E-9389-5928C8CA061D}.Debug|Any CPU.Build.0 = Debug|Any CPU
		{AB828185-784B-492E-9389-5928C8CA061D}.Release|Any CPU.ActiveCfg = Release|Any CPU
		{AB828185-784B-492E-9389-5928C8CA061D}.Release|Any CPU.Build.0 = Release|Any CPU
	EndGlobalSection
	GlobalSection(SolutionProperties) = preSolution
		HideSolutionNode = FALSE
	EndGlobalSection
	GlobalSection(ExtensibilityGlobals) = postSolution
		SolutionGuid = {0879026D-6E59-4E90-8904-6254F0CE82B4}
	EndGlobalSection
EndGlobal
